
Microsoft Visual Studio Solution File, Format Version 12.00
# Visual Studio Version 17
VisualStudioVersion = 17.5.33516.290
MinimumVisualStudioVersion = 10.0.40219.1
Project("{FAE04EC0-301F-11D3-BF4B-00C04F79EFBC}") = "Questioner.Repository", "Questioner.Repository\Questioner.Repository.csproj", "{98B6E7A9-34B4-4BBF-AAE2-A1C065651324}"
EndProject
Project("{FAE04EC0-301F-11D3-BF4B-00C04F79EFBC}") = "Questioner.Repository.Test", "Questioner.Repository.Test\Questioner.Repository.Test.csproj", "{F9772D22-25F0-437B-8340-8DCA4CEF7935}"
EndProject
Global
	GlobalSection(SolutionConfigurationPlatforms) = preSolution
		Debug|Any CPU = Debug|Any CPU
		Release|Any CPU = Release|Any CPU
	EndGlobalSection
	GlobalSection(ProjectConfigurationPlatforms) = postSolution
		{98B6E7A9-34B4-4BBF-AAE2-A1C065651324}.Debug|Any CPU.ActiveCfg = Debug|Any CPU
		{98B6E7A9-34B4-4BBF-AAE2-A1C065651324}.Debug|Any CPU.Build.0 = Debug|Any CPU
		{98B6E7A9-34B4-4BBF-AAE2-A1C065651324}.Release|Any CPU.ActiveCfg = Release|Any CPU
		{98B6E7A9-34B4-4BBF-AAE2-A1C065651324}.Release|Any CPU.Build.0 = Release|Any CPU
		{F9772D22-25F0-437B-8340-8DCA4CEF7935}.Debug|Any CPU.ActiveCfg = Debug|Any CPU
		{F9772D22-25F0-437B-8340-8DCA4CEF7935}.Debug|Any CPU.Build.0 = Debug|Any CPU
		{F9772D22-25F0-437B-8340-8DCA4CEF7935}.Release|Any CPU.ActiveCfg = Release|Any CPU
		{F9772D22-25F0-437B-8340-8DCA4CEF7935}.Release|Any CPU.Build.0 = Release|Any CPU
	EndGlobalSection
	GlobalSection(SolutionProperties) = preSolution
		HideSolutionNode = FALSE
	EndGlobalSection
	GlobalSection(ExtensibilityGlobals) = postSolution
		SolutionGuid = {0FA81B1C-A6EA-4DA2-9F21-B46DBAA9AEFF}
	EndGlobalSection
EndGlobal
