
Microsoft Visual Studio Solution File, Format Version 12.00
# Visual Studio Version 17
VisualStudioVersion = 17.5.33516.290
MinimumVisualStudioVersion = 10.0.40219.1
Project("{9A19103F-16F7-4668-BE54-9A1E7A4F7556}") = "Questioner.Repository", "Questioner.Repository\Questioner.Repository.csproj", "{98B6E7A9-34B4-4BBF-AAE2-A1C065651324}"
EndProject
Project("{9A19103F-16F7-4668-BE54-9A1E7A4F7556}") = "Questioner.Repository.Test", "Questioner.Repository.Test\Questioner.Repository.Test.csproj", "{F9772D22-25F0-437B-8340-8DCA4CEF7935}"
EndProject
Project("{9A19103F-16F7-4668-BE54-9A1E7A4F7556}") = "Questioner.WebApi", "Questioner.WebApi\Questioner.WebApi.csproj", "{1793F6F8-6DB6-4E6C-AB4E-207FA99B1369}"
EndProject
Project("{FAE04EC0-301F-11D3-BF4B-00C04F79EFBC}") = "Questioner.WebApi.Test", "Questioner.WebApi.Test\Questioner.WebApi.Test.csproj", "{6EB88F58-D6FB-4B55-B9C5-6237A28B4A4D}"
EndProject
Project("{FAE04EC0-301F-11D3-BF4B-00C04F79EFBC}") = "Questioner.WebApp", "Questioner.WebApp\Questioner.WebApp.csproj", "{9004C38A-2C0F-4252-875E-9810B239FB95}"
EndProject
Global
	GlobalSection(SolutionConfigurationPlatforms) = preSolution
		Debug|Any CPU = Debug|Any CPU
		Release|Any CPU = Release|Any CPU
	EndGlobalSection
	GlobalSection(ProjectConfigurationPlatforms) = postSolution
		{98B6E7A9-34B4-4BBF-AAE2-A1C065651324}.Debug|Any CPU.ActiveCfg = Debug|Any CPU
		{98B6E7A9-34B4-4BBF-AAE2-A1C065651324}.Debug|Any CPU.Build.0 = Debug|Any CPU
		{98B6E7A9-34B4-4BBF-AAE2-A1C065651324}.Release|Any CPU.ActiveCfg = Release|Any CPU
		{98B6E7A9-34B4-4BBF-AAE2-A1C065651324}.Release|Any CPU.Build.0 = Release|Any CPU
		{F9772D22-25F0-437B-8340-8DCA4CEF7935}.Debug|Any CPU.ActiveCfg = Debug|Any CPU
		{F9772D22-25F0-437B-8340-8DCA4CEF7935}.Debug|Any CPU.Build.0 = Debug|Any CPU
		{F9772D22-25F0-437B-8340-8DCA4CEF7935}.Release|Any CPU.ActiveCfg = Release|Any CPU
		{F9772D22-25F0-437B-8340-8DCA4CEF7935}.Release|Any CPU.Build.0 = Release|Any CPU
		{1793F6F8-6DB6-4E6C-AB4E-207FA99B1369}.Debug|Any CPU.ActiveCfg = Debug|Any CPU
		{1793F6F8-6DB6-4E6C-AB4E-207FA99B1369}.Debug|Any CPU.Build.0 = Debug|Any CPU
		{1793F6F8-6DB6-4E6C-AB4E-207FA99B1369}.Release|Any CPU.ActiveCfg = Release|Any CPU
		{1793F6F8-6DB6-4E6C-AB4E-207FA99B1369}.Release|Any CPU.Build.0 = Release|Any CPU
		{6EB88F58-D6FB-4B55-B9C5-6237A28B4A4D}.Debug|Any CPU.ActiveCfg = Debug|Any CPU
		{6EB88F58-D6FB-4B55-B9C5-6237A28B4A4D}.Debug|Any CPU.Build.0 = Debug|Any CPU
		{6EB88F58-D6FB-4B55-B9C5-6237A28B4A4D}.Release|Any CPU.ActiveCfg = Release|Any CPU
		{6EB88F58-D6FB-4B55-B9C5-6237A28B4A4D}.Release|Any CPU.Build.0 = Release|Any CPU
		{9004C38A-2C0F-4252-875E-9810B239FB95}.Debug|Any CPU.ActiveCfg = Debug|Any CPU
		{9004C38A-2C0F-4252-875E-9810B239FB95}.Debug|Any CPU.Build.0 = Debug|Any CPU
		{9004C38A-2C0F-4252-875E-9810B239FB95}.Release|Any CPU.ActiveCfg = Release|Any CPU
		{9004C38A-2C0F-4252-875E-9810B239FB95}.Release|Any CPU.Build.0 = Release|Any CPU
	EndGlobalSection
	GlobalSection(SolutionProperties) = preSolution
		HideSolutionNode = FALSE
	EndGlobalSection
	GlobalSection(ExtensibilityGlobals) = postSolution
		SolutionGuid = {0FA81B1C-A6EA-4DA2-9F21-B46DBAA9AEFF}
	EndGlobalSection
EndGlobal
